// !$*UTF8*$!
{
	archiveVersion = 1;
	classes = {
	};
	objectVersion = 46;
	objects = {

/* Begin PBXBuildFile section */
		1A27135A13159B2900B5BCA5 /* NSObject+JSON.m in Sources */ = {isa = PBXBuildFile; fileRef = 1A27135113159B2900B5BCA5 /* NSObject+JSON.m */; };
		1A27135B13159B2900B5BCA5 /* SBJsonParser.m in Sources */ = {isa = PBXBuildFile; fileRef = 1A27135213159B2900B5BCA5 /* SBJsonParser.m */; };
		1A27135C13159B2900B5BCA5 /* SBJsonStreamParser.m in Sources */ = {isa = PBXBuildFile; fileRef = 1A27135313159B2900B5BCA5 /* SBJsonStreamParser.m */; };
		1A27135D13159B2900B5BCA5 /* SBJsonStreamParserAdapter.m in Sources */ = {isa = PBXBuildFile; fileRef = 1A27135413159B2900B5BCA5 /* SBJsonStreamParserAdapter.m */; };
		1A27135E13159B2900B5BCA5 /* SBJsonStreamParserState.m in Sources */ = {isa = PBXBuildFile; fileRef = 1A27135513159B2900B5BCA5 /* SBJsonStreamParserState.m */; };
		1A27135F13159B2900B5BCA5 /* SBJsonStreamWriter.m in Sources */ = {isa = PBXBuildFile; fileRef = 1A27135613159B2900B5BCA5 /* SBJsonStreamWriter.m */; };
		1A27136013159B2900B5BCA5 /* SBJsonStreamWriterState.m in Sources */ = {isa = PBXBuildFile; fileRef = 1A27135713159B2900B5BCA5 /* SBJsonStreamWriterState.m */; };
		1A27136113159B2900B5BCA5 /* SBJsonTokeniser.m in Sources */ = {isa = PBXBuildFile; fileRef = 1A27135813159B2900B5BCA5 /* SBJsonTokeniser.m */; };
		1A27136213159B2900B5BCA5 /* SBJsonWriter.m in Sources */ = {isa = PBXBuildFile; fileRef = 1A27135913159B2900B5BCA5 /* SBJsonWriter.m */; };
		1A27136413159BE100B5BCA5 /* flickr.json in Resources */ = {isa = PBXBuildFile; fileRef = 1A27136313159BE100B5BCA5 /* flickr.json */; };
		1A2713681315A3CC00B5BCA5 /* JSPhotoViewController.m in Sources */ = {isa = PBXBuildFile; fileRef = 1A2713661315A3C900B5BCA5 /* JSPhotoViewController.m */; };
		1A2713691315A3CC00B5BCA5 /* JSPhotoViewController.xib in Resources */ = {isa = PBXBuildFile; fileRef = 1A2713671315A3CA00B5BCA5 /* JSPhotoViewController.xib */; };
		1A27136E1315A8A700B5BCA5 /* nextIcon.png in Resources */ = {isa = PBXBuildFile; fileRef = 1A27136A1315A8A700B5BCA5 /* nextIcon.png */; };
		1A27136F1315A8A700B5BCA5 /* nextIcon@2x.png in Resources */ = {isa = PBXBuildFile; fileRef = 1A27136B1315A8A700B5BCA5 /* nextIcon@2x.png */; };
		1A2713701315A8A700B5BCA5 /* previousIcon.png in Resources */ = {isa = PBXBuildFile; fileRef = 1A27136C1315A8A700B5BCA5 /* previousIcon.png */; };
		1A2713711315A8A700B5BCA5 /* previousIcon@2x.png in Resources */ = {isa = PBXBuildFile; fileRef = 1A27136D1315A8A700B5BCA5 /* previousIcon@2x.png */; };
		1A3BFD0D131481DE00564CB1 /* JSLazyImageView.m in Sources */ = {isa = PBXBuildFile; fileRef = 1A3BFD0C131481DE00564CB1 /* JSLazyImageView.m */; };
		1A8C386A131285690058643D /* JSPhoto.m in Sources */ = {isa = PBXBuildFile; fileRef = 1A8C3869131285690058643D /* JSPhoto.m */; };
		1A8C386D1312871C0058643D /* JSPhotoThumbsViewController.m in Sources */ = {isa = PBXBuildFile; fileRef = 1A8C386C1312871C0058643D /* JSPhotoThumbsViewController.m */; };
		1A8C38701312951F0058643D /* JSPhotoTableViewCell.m in Sources */ = {isa = PBXBuildFile; fileRef = 1A8C386F1312951F0058643D /* JSPhotoTableViewCell.m */; };
		1A8C38721312B5F30058643D /* QuartzCore.framework in Frameworks */ = {isa = PBXBuildFile; fileRef = 1A8C38711312B5F30058643D /* QuartzCore.framework */; };
		1A995B961312798300781831 /* UIKit.framework in Frameworks */ = {isa = PBXBuildFile; fileRef = 1A995B951312798300781831 /* UIKit.framework */; };
		1A995B981312798300781831 /* Foundation.framework in Frameworks */ = {isa = PBXBuildFile; fileRef = 1A995B971312798300781831 /* Foundation.framework */; };
		1A995B9A1312798300781831 /* CoreGraphics.framework in Frameworks */ = {isa = PBXBuildFile; fileRef = 1A995B991312798300781831 /* CoreGraphics.framework */; };
		1A995BA01312798300781831 /* InfoPlist.strings in Resources */ = {isa = PBXBuildFile; fileRef = 1A995B9E1312798300781831 /* InfoPlist.strings */; };
		1A995BA31312798300781831 /* main.m in Sources */ = {isa = PBXBuildFile; fileRef = 1A995BA21312798300781831 /* main.m */; };
		1A995BA61312798300781831 /* DemoAppDelegate.m in Sources */ = {isa = PBXBuildFile; fileRef = 1A995BA51312798300781831 /* DemoAppDelegate.m */; };
		1A995BA91312798300781831 /* MainWindow.xib in Resources */ = {isa = PBXBuildFile; fileRef = 1A995BA71312798300781831 /* MainWindow.xib */; };
		1A995BAC1312798300781831 /* DemoViewController.m in Sources */ = {isa = PBXBuildFile; fileRef = 1A995BAB1312798300781831 /* DemoViewController.m */; };
		1A995BAF1312798300781831 /* DemoViewController.xib in Resources */ = {isa = PBXBuildFile; fileRef = 1A995BAD1312798300781831 /* DemoViewController.xib */; };
		1A995BC71312800E00781831 /* JSPhotoCache.m in Sources */ = {isa = PBXBuildFile; fileRef = 1A995BC61312800E00781831 /* JSPhotoCache.m */; };
		1AB5BF661313C3F000E13DAD /* NSString+Hashing.m in Sources */ = {isa = PBXBuildFile; fileRef = 1AB5BF651313C3F000E13DAD /* NSString+Hashing.m */; };
		1AD28A191318A27000A9BB40 /* JSLazyImageScrollView.m in Sources */ = {isa = PBXBuildFile; fileRef = 1AD28A181318A27000A9BB40 /* JSLazyImageScrollView.m */; };
/* End PBXBuildFile section */

/* Begin PBXFileReference section */
		1A27134713159B2900B5BCA5 /* JSON.h */ = {isa = PBXFileReference; fileEncoding = 4; lastKnownFileType = sourcecode.c.h; path = JSON.h; sourceTree = "<group>"; };
		1A27134813159B2900B5BCA5 /* NSObject+JSON.h */ = {isa = PBXFileReference; fileEncoding = 4; lastKnownFileType = sourcecode.c.h; path = "NSObject+JSON.h"; sourceTree = "<group>"; };
		1A27134913159B2900B5BCA5 /* SBJsonParser.h */ = {isa = PBXFileReference; fileEncoding = 4; lastKnownFileType = sourcecode.c.h; path = SBJsonParser.h; sourceTree = "<group>"; };
		1A27134A13159B2900B5BCA5 /* SBJsonStreamParser.h */ = {isa = PBXFileReference; fileEncoding = 4; lastKnownFileType = sourcecode.c.h; path = SBJsonStreamParser.h; sourceTree = "<group>"; };
		1A27134B13159B2900B5BCA5 /* SBJsonStreamParserAdapter.h */ = {isa = PBXFileReference; fileEncoding = 4; lastKnownFileType = sourcecode.c.h; path = SBJsonStreamParserAdapter.h; sourceTree = "<group>"; };
		1A27134C13159B2900B5BCA5 /* SBJsonStreamParserState.h */ = {isa = PBXFileReference; fileEncoding = 4; lastKnownFileType = sourcecode.c.h; path = SBJsonStreamParserState.h; sourceTree = "<group>"; };
		1A27134D13159B2900B5BCA5 /* SBJsonStreamWriter.h */ = {isa = PBXFileReference; fileEncoding = 4; lastKnownFileType = sourcecode.c.h; path = SBJsonStreamWriter.h; sourceTree = "<group>"; };
		1A27134E13159B2900B5BCA5 /* SBJsonStreamWriterState.h */ = {isa = PBXFileReference; fileEncoding = 4; lastKnownFileType = sourcecode.c.h; path = SBJsonStreamWriterState.h; sourceTree = "<group>"; };
		1A27134F13159B2900B5BCA5 /* SBJsonTokeniser.h */ = {isa = PBXFileReference; fileEncoding = 4; lastKnownFileType = sourcecode.c.h; path = SBJsonTokeniser.h; sourceTree = "<group>"; };
		1A27135013159B2900B5BCA5 /* SBJsonWriter.h */ = {isa = PBXFileReference; fileEncoding = 4; lastKnownFileType = sourcecode.c.h; path = SBJsonWriter.h; sourceTree = "<group>"; };
		1A27135113159B2900B5BCA5 /* NSObject+JSON.m */ = {isa = PBXFileReference; fileEncoding = 4; lastKnownFileType = sourcecode.c.objc; path = "NSObject+JSON.m"; sourceTree = "<group>"; };
		1A27135213159B2900B5BCA5 /* SBJsonParser.m */ = {isa = PBXFileReference; fileEncoding = 4; lastKnownFileType = sourcecode.c.objc; path = SBJsonParser.m; sourceTree = "<group>"; };
		1A27135313159B2900B5BCA5 /* SBJsonStreamParser.m */ = {isa = PBXFileReference; fileEncoding = 4; lastKnownFileType = sourcecode.c.objc; path = SBJsonStreamParser.m; sourceTree = "<group>"; };
		1A27135413159B2900B5BCA5 /* SBJsonStreamParserAdapter.m */ = {isa = PBXFileReference; fileEncoding = 4; lastKnownFileType = sourcecode.c.objc; path = SBJsonStreamParserAdapter.m; sourceTree = "<group>"; };
		1A27135513159B2900B5BCA5 /* SBJsonStreamParserState.m */ = {isa = PBXFileReference; fileEncoding = 4; lastKnownFileType = sourcecode.c.objc; path = SBJsonStreamParserState.m; sourceTree = "<group>"; };
		1A27135613159B2900B5BCA5 /* SBJsonStreamWriter.m */ = {isa = PBXFileReference; fileEncoding = 4; lastKnownFileType = sourcecode.c.objc; path = SBJsonStreamWriter.m; sourceTree = "<group>"; };
		1A27135713159B2900B5BCA5 /* SBJsonStreamWriterState.m */ = {isa = PBXFileReference; fileEncoding = 4; lastKnownFileType = sourcecode.c.objc; path = SBJsonStreamWriterState.m; sourceTree = "<group>"; };
		1A27135813159B2900B5BCA5 /* SBJsonTokeniser.m */ = {isa = PBXFileReference; fileEncoding = 4; lastKnownFileType = sourcecode.c.objc; path = SBJsonTokeniser.m; sourceTree = "<group>"; };
		1A27135913159B2900B5BCA5 /* SBJsonWriter.m */ = {isa = PBXFileReference; fileEncoding = 4; lastKnownFileType = sourcecode.c.objc; path = SBJsonWriter.m; sourceTree = "<group>"; };
		1A27136313159BE100B5BCA5 /* flickr.json */ = {isa = PBXFileReference; fileEncoding = 4; lastKnownFileType = text; path = flickr.json; sourceTree = "<group>"; };
		1A2713651315A3C800B5BCA5 /* JSPhotoViewController.h */ = {isa = PBXFileReference; fileEncoding = 4; lastKnownFileType = sourcecode.c.h; path = JSPhotoViewController.h; sourceTree = "<group>"; };
		1A2713661315A3C900B5BCA5 /* JSPhotoViewController.m */ = {isa = PBXFileReference; fileEncoding = 4; lastKnownFileType = sourcecode.c.objc; path = JSPhotoViewController.m; sourceTree = "<group>"; };
		1A2713671315A3CA00B5BCA5 /* JSPhotoViewController.xib */ = {isa = PBXFileReference; fileEncoding = 4; lastKnownFileType = file.xib; name = JSPhotoViewController.xib; path = PhotoViewController/JSPhotoViewController.xib; sourceTree = "<group>"; };
		1A27136A1315A8A700B5BCA5 /* nextIcon.png */ = {isa = PBXFileReference; lastKnownFileType = image.png; path = nextIcon.png; sourceTree = "<group>"; };
		1A27136B1315A8A700B5BCA5 /* nextIcon@2x.png */ = {isa = PBXFileReference; lastKnownFileType = image.png; path = "nextIcon@2x.png"; sourceTree = "<group>"; };
		1A27136C1315A8A700B5BCA5 /* previousIcon.png */ = {isa = PBXFileReference; lastKnownFileType = image.png; path = previousIcon.png; sourceTree = "<group>"; };
		1A27136D1315A8A700B5BCA5 /* previousIcon@2x.png */ = {isa = PBXFileReference; lastKnownFileType = image.png; path = "previousIcon@2x.png"; sourceTree = "<group>"; };
		1A3BFD0B131481DE00564CB1 /* JSLazyImageView.h */ = {isa = PBXFileReference; fileEncoding = 4; lastKnownFileType = sourcecode.c.h; path = JSLazyImageView.h; sourceTree = "<group>"; };
		1A3BFD0C131481DE00564CB1 /* JSLazyImageView.m */ = {isa = PBXFileReference; fileEncoding = 4; lastKnownFileType = sourcecode.c.objc; path = JSLazyImageView.m; sourceTree = "<group>"; };
		1A8C3868131285690058643D /* JSPhoto.h */ = {isa = PBXFileReference; fileEncoding = 4; lastKnownFileType = sourcecode.c.h; path = JSPhoto.h; sourceTree = "<group>"; };
		1A8C3869131285690058643D /* JSPhoto.m */ = {isa = PBXFileReference; fileEncoding = 4; lastKnownFileType = sourcecode.c.objc; path = JSPhoto.m; sourceTree = "<group>"; };
		1A8C386B1312871C0058643D /* JSPhotoThumbsViewController.h */ = {isa = PBXFileReference; fileEncoding = 4; lastKnownFileType = sourcecode.c.h; path = JSPhotoThumbsViewController.h; sourceTree = "<group>"; };
		1A8C386C1312871C0058643D /* JSPhotoThumbsViewController.m */ = {isa = PBXFileReference; fileEncoding = 4; lastKnownFileType = sourcecode.c.objc; path = JSPhotoThumbsViewController.m; sourceTree = "<group>"; };
		1A8C386E1312951F0058643D /* JSPhotoTableViewCell.h */ = {isa = PBXFileReference; fileEncoding = 4; lastKnownFileType = sourcecode.c.h; path = JSPhotoTableViewCell.h; sourceTree = "<group>"; };
		1A8C386F1312951F0058643D /* JSPhotoTableViewCell.m */ = {isa = PBXFileReference; fileEncoding = 4; lastKnownFileType = sourcecode.c.objc; path = JSPhotoTableViewCell.m; sourceTree = "<group>"; };
		1A8C38711312B5F30058643D /* QuartzCore.framework */ = {isa = PBXFileReference; lastKnownFileType = wrapper.framework; name = QuartzCore.framework; path = System/Library/Frameworks/QuartzCore.framework; sourceTree = SDKROOT; };
		1A995B911312798300781831 /* PhotoViewController.app */ = {isa = PBXFileReference; explicitFileType = wrapper.application; includeInIndex = 0; path = PhotoViewController.app; sourceTree = BUILT_PRODUCTS_DIR; };
		1A995B951312798300781831 /* UIKit.framework */ = {isa = PBXFileReference; lastKnownFileType = wrapper.framework; name = UIKit.framework; path = System/Library/Frameworks/UIKit.framework; sourceTree = SDKROOT; };
		1A995B971312798300781831 /* Foundation.framework */ = {isa = PBXFileReference; lastKnownFileType = wrapper.framework; name = Foundation.framework; path = System/Library/Frameworks/Foundation.framework; sourceTree = SDKROOT; };
		1A995B991312798300781831 /* CoreGraphics.framework */ = {isa = PBXFileReference; lastKnownFileType = wrapper.framework; name = CoreGraphics.framework; path = System/Library/Frameworks/CoreGraphics.framework; sourceTree = SDKROOT; };
		1A995B9D1312798300781831 /* PhotoViewController-Info.plist */ = {isa = PBXFileReference; lastKnownFileType = text.plist.xml; path = "PhotoViewController-Info.plist"; sourceTree = "<group>"; };
		1A995B9F1312798300781831 /* en */ = {isa = PBXFileReference; lastKnownFileType = text.plist.strings; name = en; path = en.lproj/InfoPlist.strings; sourceTree = "<group>"; };
		1A995BA11312798300781831 /* PhotoViewController-Prefix.pch */ = {isa = PBXFileReference; lastKnownFileType = sourcecode.c.h; path = "PhotoViewController-Prefix.pch"; sourceTree = "<group>"; };
		1A995BA21312798300781831 /* main.m */ = {isa = PBXFileReference; lastKnownFileType = sourcecode.c.objc; path = main.m; sourceTree = "<group>"; };
		1A995BA41312798300781831 /* DemoAppDelegate.h */ = {isa = PBXFileReference; lastKnownFileType = sourcecode.c.h; path = DemoAppDelegate.h; sourceTree = "<group>"; };
		1A995BA51312798300781831 /* DemoAppDelegate.m */ = {isa = PBXFileReference; lastKnownFileType = sourcecode.c.objc; path = DemoAppDelegate.m; sourceTree = "<group>"; };
		1A995BA81312798300781831 /* en */ = {isa = PBXFileReference; lastKnownFileType = file.xib; name = en; path = en.lproj/MainWindow.xib; sourceTree = "<group>"; };
		1A995BAA1312798300781831 /* DemoViewController.h */ = {isa = PBXFileReference; lastKnownFileType = sourcecode.c.h; path = DemoViewController.h; sourceTree = "<group>"; };
		1A995BAB1312798300781831 /* DemoViewController.m */ = {isa = PBXFileReference; lastKnownFileType = sourcecode.c.objc; path = DemoViewController.m; sourceTree = "<group>"; };
		1A995BAE1312798300781831 /* en */ = {isa = PBXFileReference; lastKnownFileType = file.xib; name = en; path = en.lproj/DemoViewController.xib; sourceTree = "<group>"; };
		1A995BC51312800E00781831 /* JSPhotoCache.h */ = {isa = PBXFileReference; fileEncoding = 4; lastKnownFileType = sourcecode.c.h; path = JSPhotoCache.h; sourceTree = "<group>"; };
		1A995BC61312800E00781831 /* JSPhotoCache.m */ = {isa = PBXFileReference; fileEncoding = 4; lastKnownFileType = sourcecode.c.objc; path = JSPhotoCache.m; sourceTree = "<group>"; };
		1AB5BF641313C3F000E13DAD /* NSString+Hashing.h */ = {isa = PBXFileReference; fileEncoding = 4; lastKnownFileType = sourcecode.c.h; path = "NSString+Hashing.h"; sourceTree = "<group>"; };
		1AB5BF651313C3F000E13DAD /* NSString+Hashing.m */ = {isa = PBXFileReference; fileEncoding = 4; lastKnownFileType = sourcecode.c.objc; path = "NSString+Hashing.m"; sourceTree = "<group>"; };
		1AD28A171318A27000A9BB40 /* JSLazyImageScrollView.h */ = {isa = PBXFileReference; fileEncoding = 4; lastKnownFileType = sourcecode.c.h; path = JSLazyImageScrollView.h; sourceTree = "<group>"; };
		1AD28A181318A27000A9BB40 /* JSLazyImageScrollView.m */ = {isa = PBXFileReference; fileEncoding = 4; lastKnownFileType = sourcecode.c.objc; path = JSLazyImageScrollView.m; sourceTree = "<group>"; };
/* End PBXFileReference section */

/* Begin PBXFrameworksBuildPhase section */
		1A995B8E1312798300781831 /* Frameworks */ = {
			isa = PBXFrameworksBuildPhase;
			buildActionMask = 2147483647;
			files = (
				1A8C38721312B5F30058643D /* QuartzCore.framework in Frameworks */,
				1A995B961312798300781831 /* UIKit.framework in Frameworks */,
				1A995B981312798300781831 /* Foundation.framework in Frameworks */,
				1A995B9A1312798300781831 /* CoreGraphics.framework in Frameworks */,
			);
			runOnlyForDeploymentPostprocessing = 0;
		};
/* End PBXFrameworksBuildPhase section */

/* Begin PBXGroup section */
		1A27134513159B1A00B5BCA5 /* JSON */ = {
			isa = PBXGroup;
			children = (
				1A27134713159B2900B5BCA5 /* JSON.h */,
				1A27134813159B2900B5BCA5 /* NSObject+JSON.h */,
				1A27134913159B2900B5BCA5 /* SBJsonParser.h */,
				1A27134A13159B2900B5BCA5 /* SBJsonStreamParser.h */,
				1A27134B13159B2900B5BCA5 /* SBJsonStreamParserAdapter.h */,
				1A27134C13159B2900B5BCA5 /* SBJsonStreamParserState.h */,
				1A27134D13159B2900B5BCA5 /* SBJsonStreamWriter.h */,
				1A27134E13159B2900B5BCA5 /* SBJsonStreamWriterState.h */,
				1A27134F13159B2900B5BCA5 /* SBJsonTokeniser.h */,
				1A27135013159B2900B5BCA5 /* SBJsonWriter.h */,
				1A27135113159B2900B5BCA5 /* NSObject+JSON.m */,
				1A27135213159B2900B5BCA5 /* SBJsonParser.m */,
				1A27135313159B2900B5BCA5 /* SBJsonStreamParser.m */,
				1A27135413159B2900B5BCA5 /* SBJsonStreamParserAdapter.m */,
				1A27135513159B2900B5BCA5 /* SBJsonStreamParserState.m */,
				1A27135613159B2900B5BCA5 /* SBJsonStreamWriter.m */,
				1A27135713159B2900B5BCA5 /* SBJsonStreamWriterState.m */,
				1A27135813159B2900B5BCA5 /* SBJsonTokeniser.m */,
				1A27135913159B2900B5BCA5 /* SBJsonWriter.m */,
			);
			name = JSON;
			sourceTree = "<group>";
		};
		1A995B861312798300781831 = {
			isa = PBXGroup;
			children = (
				1A995B9B1312798300781831 /* PhotoViewController */,
				1A995BB51312798E00781831 /* Resources */,
				1A995B9C1312798300781831 /* Supporting Files */,
				1A995B941312798300781831 /* Frameworks */,
				1A995B921312798300781831 /* Products */,
			);
			sourceTree = "<group>";
		};
		1A995B921312798300781831 /* Products */ = {
			isa = PBXGroup;
			children = (
				1A995B911312798300781831 /* PhotoViewController.app */,
			);
			name = Products;
			sourceTree = "<group>";
		};
		1A995B941312798300781831 /* Frameworks */ = {
			isa = PBXGroup;
			children = (
				1A995B951312798300781831 /* UIKit.framework */,
				1A995B971312798300781831 /* Foundation.framework */,
				1A995B991312798300781831 /* CoreGraphics.framework */,
				1A8C38711312B5F30058643D /* QuartzCore.framework */,
			);
			name = Frameworks;
			sourceTree = "<group>";
		};
		1A995B9B1312798300781831 /* PhotoViewController */ = {
			isa = PBXGroup;
			children = (
				1A27134513159B1A00B5BCA5 /* JSON */,
				1A995BA41312798300781831 /* DemoAppDelegate.h */,
				1A995BA51312798300781831 /* DemoAppDelegate.m */,
				1A995BAA1312798300781831 /* DemoViewController.h */,
				1A995BAB1312798300781831 /* DemoViewController.m */,
				1A995BC51312800E00781831 /* JSPhotoCache.h */,
				1A995BC61312800E00781831 /* JSPhotoCache.m */,
				1A8C3868131285690058643D /* JSPhoto.h */,
				1A8C3869131285690058643D /* JSPhoto.m */,
				1A8C386B1312871C0058643D /* JSPhotoThumbsViewController.h */,
				1A8C386C1312871C0058643D /* JSPhotoThumbsViewController.m */,
				1A8C386E1312951F0058643D /* JSPhotoTableViewCell.h */,
				1A8C386F1312951F0058643D /* JSPhotoTableViewCell.m */,
				1AB5BF641313C3F000E13DAD /* NSString+Hashing.h */,
				1AB5BF651313C3F000E13DAD /* NSString+Hashing.m */,
				1A3BFD0B131481DE00564CB1 /* JSLazyImageView.h */,
				1A3BFD0C131481DE00564CB1 /* JSLazyImageView.m */,
				1A2713651315A3C800B5BCA5 /* JSPhotoViewController.h */,
				1A2713661315A3C900B5BCA5 /* JSPhotoViewController.m */,
				1AD28A171318A27000A9BB40 /* JSLazyImageScrollView.h */,
				1AD28A181318A27000A9BB40 /* JSLazyImageScrollView.m */,
			);
			path = PhotoViewController;
			sourceTree = "<group>";
		};
		1A995B9C1312798300781831 /* Supporting Files */ = {
			isa = PBXGroup;
			children = (
				1A995B9D1312798300781831 /* PhotoViewController-Info.plist */,
				1A995B9E1312798300781831 /* InfoPlist.strings */,
				1A995BA11312798300781831 /* PhotoViewController-Prefix.pch */,
				1A995BA21312798300781831 /* main.m */,
			);
			name = "Supporting Files";
			path = PhotoViewController;
			sourceTree = "<group>";
		};
		1A995BB51312798E00781831 /* Resources */ = {
			isa = PBXGroup;
			children = (
				1A27136A1315A8A700B5BCA5 /* nextIcon.png */,
				1A27136B1315A8A700B5BCA5 /* nextIcon@2x.png */,
				1A27136C1315A8A700B5BCA5 /* previousIcon.png */,
				1A27136D1315A8A700B5BCA5 /* previousIcon@2x.png */,
				1A995BA71312798300781831 /* MainWindow.xib */,
				1A995BAD1312798300781831 /* DemoViewController.xib */,
				1A2713671315A3CA00B5BCA5 /* JSPhotoViewController.xib */,
				1A27136313159BE100B5BCA5 /* flickr.json */,
			);
			name = Resources;
			sourceTree = "<group>";
		};
/* End PBXGroup section */

/* Begin PBXNativeTarget section */
		1A995B901312798300781831 /* PhotoViewController */ = {
			isa = PBXNativeTarget;
			buildConfigurationList = 1A995BB21312798300781831 /* Build configuration list for PBXNativeTarget "PhotoViewController" */;
			buildPhases = (
				1A995B8D1312798300781831 /* Sources */,
				1A995B8E1312798300781831 /* Frameworks */,
				1A995B8F1312798300781831 /* Resources */,
			);
			buildRules = (
			);
			dependencies = (
			);
			name = PhotoViewController;
			productName = PhotoViewController;
			productReference = 1A995B911312798300781831 /* PhotoViewController.app */;
			productType = "com.apple.product-type.application";
		};
/* End PBXNativeTarget section */

/* Begin PBXProject section */
		1A995B881312798300781831 /* Project object */ = {
			isa = PBXProject;
			buildConfigurationList = 1A995B8B1312798300781831 /* Build configuration list for PBXProject "PhotoViewController" */;
			compatibilityVersion = "Xcode 3.2";
			developmentRegion = English;
			hasScannedForEncodings = 0;
			knownRegions = (
				en,
			);
			mainGroup = 1A995B861312798300781831;
			productRefGroup = 1A995B921312798300781831 /* Products */;
			projectDirPath = "";
			projectRoot = "";
			targets = (
				1A995B901312798300781831 /* PhotoViewController */,
			);
		};
/* End PBXProject section */

/* Begin PBXResourcesBuildPhase section */
		1A995B8F1312798300781831 /* Resources */ = {
			isa = PBXResourcesBuildPhase;
			buildActionMask = 2147483647;
			files = (
				1A995BA01312798300781831 /* InfoPlist.strings in Resources */,
				1A995BA91312798300781831 /* MainWindow.xib in Resources */,
				1A995BAF1312798300781831 /* DemoViewController.xib in Resources */,
				1A27136413159BE100B5BCA5 /* flickr.json in Resources */,
				1A2713691315A3CC00B5BCA5 /* JSPhotoViewController.xib in Resources */,
				1A27136E1315A8A700B5BCA5 /* nextIcon.png in Resources */,
				1A27136F1315A8A700B5BCA5 /* nextIcon@2x.png in Resources */,
				1A2713701315A8A700B5BCA5 /* previousIcon.png in Resources */,
				1A2713711315A8A700B5BCA5 /* previousIcon@2x.png in Resources */,
			);
			runOnlyForDeploymentPostprocessing = 0;
		};
/* End PBXResourcesBuildPhase section */

/* Begin PBXSourcesBuildPhase section */
		1A995B8D1312798300781831 /* Sources */ = {
			isa = PBXSourcesBuildPhase;
			buildActionMask = 2147483647;
			files = (
				1A995BA31312798300781831 /* main.m in Sources */,
				1A995BA61312798300781831 /* DemoAppDelegate.m in Sources */,
				1A995BAC1312798300781831 /* DemoViewController.m in Sources */,
				1A995BC71312800E00781831 /* JSPhotoCache.m in Sources */,
				1A8C386A131285690058643D /* JSPhoto.m in Sources */,
				1A8C386D1312871C0058643D /* JSPhotoThumbsViewController.m in Sources */,
				1A8C38701312951F0058643D /* JSPhotoTableViewCell.m in Sources */,
				1AB5BF661313C3F000E13DAD /* NSString+Hashing.m in Sources */,
				1A3BFD0D131481DE00564CB1 /* JSLazyImageView.m in Sources */,
				1A27135A13159B2900B5BCA5 /* NSObject+JSON.m in Sources */,
				1A27135B13159B2900B5BCA5 /* SBJsonParser.m in Sources */,
				1A27135C13159B2900B5BCA5 /* SBJsonStreamParser.m in Sources */,
				1A27135D13159B2900B5BCA5 /* SBJsonStreamParserAdapter.m in Sources */,
				1A27135E13159B2900B5BCA5 /* SBJsonStreamParserState.m in Sources */,
				1A27135F13159B2900B5BCA5 /* SBJsonStreamWriter.m in Sources */,
				1A27136013159B2900B5BCA5 /* SBJsonStreamWriterState.m in Sources */,
				1A27136113159B2900B5BCA5 /* SBJsonTokeniser.m in Sources */,
				1A27136213159B2900B5BCA5 /* SBJsonWriter.m in Sources */,
				1A2713681315A3CC00B5BCA5 /* JSPhotoViewController.m in Sources */,
				1AD28A191318A27000A9BB40 /* JSLazyImageScrollView.m in Sources */,
			);
			runOnlyForDeploymentPostprocessing = 0;
		};
/* End PBXSourcesBuildPhase section */

/* Begin PBXVariantGroup section */
		1A995B9E1312798300781831 /* InfoPlist.strings */ = {
			isa = PBXVariantGroup;
			children = (
				1A995B9F1312798300781831 /* en */,
			);
			name = InfoPlist.strings;
			sourceTree = "<group>";
		};
		1A995BA71312798300781831 /* MainWindow.xib */ = {
			isa = PBXVariantGroup;
			children = (
				1A995BA81312798300781831 /* en */,
			);
			name = MainWindow.xib;
			path = PhotoViewController;
			sourceTree = "<group>";
		};
		1A995BAD1312798300781831 /* DemoViewController.xib */ = {
			isa = PBXVariantGroup;
			children = (
				1A995BAE1312798300781831 /* en */,
			);
			name = DemoViewController.xib;
			path = PhotoViewController;
			sourceTree = "<group>";
		};
/* End PBXVariantGroup section */

/* Begin XCBuildConfiguration section */
		1A995BB01312798300781831 /* Debug */ = {
			isa = XCBuildConfiguration;
			buildSettings = {
				ARCHS = "$(ARCHS_STANDARD_32_BIT)";
				"CODE_SIGN_IDENTITY[sdk=iphoneos*]" = "iPhone Developer";
				GCC_C_LANGUAGE_STANDARD = gnu99;
				GCC_OPTIMIZATION_LEVEL = 0;
				GCC_PREPROCESSOR_DEFINITIONS = DEBUG;
				GCC_VERSION = com.apple.compilers.llvmgcc42;
				GCC_WARN_ABOUT_RETURN_TYPE = YES;
				GCC_WARN_UNUSED_VARIABLE = YES;
				IPHONEOS_DEPLOYMENT_TARGET = 4.2;
				SDKROOT = iphoneos;
			};
			name = Debug;
		};
		1A995BB11312798300781831 /* Release */ = {
			isa = XCBuildConfiguration;
			buildSettings = {
				ARCHS = "$(ARCHS_STANDARD_32_BIT)";
				"CODE_SIGN_IDENTITY[sdk=iphoneos*]" = "iPhone Developer";
				GCC_C_LANGUAGE_STANDARD = gnu99;
				GCC_VERSION = com.apple.compilers.llvmgcc42;
				GCC_WARN_ABOUT_RETURN_TYPE = YES;
				GCC_WARN_UNUSED_VARIABLE = YES;
				IPHONEOS_DEPLOYMENT_TARGET = 4.2;
				OTHER_CFLAGS = "-DNS_BLOCK_ASSERTIONS=1";
				SDKROOT = iphoneos;
			};
			name = Release;
		};
		1A995BB31312798300781831 /* Debug */ = {
			isa = XCBuildConfiguration;
			buildSettings = {
				ALWAYS_SEARCH_USER_PATHS = NO;
				COPY_PHASE_STRIP = NO;
				GCC_DYNAMIC_NO_PIC = NO;
				GCC_PRECOMPILE_PREFIX_HEADER = YES;
				GCC_PREFIX_HEADER = "PhotoViewController/PhotoViewController-Prefix.pch";
				INFOPLIST_FILE = "PhotoViewController/PhotoViewController-Info.plist";
				INSTALL_PATH = "$(LOCAL_APPS_DIR)";
				PRODUCT_NAME = "$(TARGET_NAME)";
				WRAPPER_EXTENSION = app;
			};
			name = Debug;
		};
		1A995BB41312798300781831 /* Release */ = {
			isa = XCBuildConfiguration;
			buildSettings = {
				ALWAYS_SEARCH_USER_PATHS = NO;
				COPY_PHASE_STRIP = YES;
				GCC_PRECOMPILE_PREFIX_HEADER = YES;
				GCC_PREFIX_HEADER = "PhotoViewController/PhotoViewController-Prefix.pch";
				INFOPLIST_FILE = "PhotoViewController/PhotoViewController-Info.plist";
				INSTALL_PATH = "$(LOCAL_APPS_DIR)";
				PRODUCT_NAME = "$(TARGET_NAME)";
				VALIDATE_PRODUCT = YES;
				WRAPPER_EXTENSION = app;
			};
			name = Release;
		};
/* End XCBuildConfiguration section */

/* Begin XCConfigurationList section */
		1A995B8B1312798300781831 /* Build configuration list for PBXProject "PhotoViewController" */ = {
			isa = XCConfigurationList;
			buildConfigurations = (
				1A995BB01312798300781831 /* Debug */,
				1A995BB11312798300781831 /* Release */,
			);
			defaultConfigurationIsVisible = 0;
			defaultConfigurationName = Release;
		};
		1A995BB21312798300781831 /* Build configuration list for PBXNativeTarget "PhotoViewController" */ = {
			isa = XCConfigurationList;
			buildConfigurations = (
				1A995BB31312798300781831 /* Debug */,
				1A995BB41312798300781831 /* Release */,
			);
			defaultConfigurationIsVisible = 0;
			defaultConfigurationName = Release;
		};
/* End XCConfigurationList section */
	};
	rootObject = 1A995B881312798300781831 /* Project object */;
}
